
Microsoft Visual Studio Solution File, Format Version 12.00
# Visual Studio Version 17
VisualStudioVersion = 17.0.31903.59
MinimumVisualStudioVersion = 10.0.40219.1
Project("{FAE04EC0-301F-11D3-BF4B-00C04F79EFBC}") = "Cascade.Core", "Cascade.Core\Cascade.Core.csproj", "{A1B1C1D1-E1F1-4A4A-8A8A-1A1A1A1A1A1A}"
EndProject
Project("{FAE04EC0-301F-11D3-BF4B-00C04F79EFBC}") = "Cascade.Infrastructure", "Cascade.Infrastructure\Cascade.Infrastructure.csproj", "{B2C2D2E2-F2A2-4B4B-8B8B-2B2B2B2B2B2B}"
EndProject
Project("{FAE04EC0-301F-11D3-BF4B-00C04F79EFBC}") = "Cascade.Game", "Cascade.Game\Cascade.Game.csproj", "{C3D3E3F3-A3B3-4C4C-8C8C-3C3C3C3C3C3C}"
EndProject
Project("{FAE04EC0-301F-11D3-BF4B-00C04F79EFBC}") = "Cascade.Tests", "Cascade.Tests\Cascade.Tests.csproj", "{D4E4F4A4-B4C4-4D4D-8D8D-4D4D4D4D4D4D}"
EndProject
Global
	GlobalSection(SolutionConfigurationPlatforms) = preSolution
		Debug|Any CPU = Debug|Any CPU
		Release|Any CPU = Release|Any CPU
	EndGlobalSection
	GlobalSection(ProjectConfigurationPlatforms) = postSolution
		{A1B1C1D1-E1F1-4A4A-8A8A-1A1A1A1A1A1A}.Debug|Any CPU.ActiveCfg = Debug|Any CPU
		{A1B1C1D1-E1F1-4A4A-8A8A-1A1A1A1A1A1A}.Debug|Any CPU.Build.0 = Debug|Any CPU
		{A1B1C1D1-E1F1-4A4A-8A8A-1A1A1A1A1A1A}.Release|Any CPU.ActiveCfg = Release|Any CPU
		{A1B1C1D1-E1F1-4A4A-8A8A-1A1A1A1A1A1A}.Release|Any CPU.Build.0 = Release|Any CPU
		{B2C2D2E2-F2A2-4B4B-8B8B-2B2B2B2B2B2B}.Debug|Any CPU.ActiveCfg = Debug|Any CPU
		{B2C2D2E2-F2A2-4B4B-8B8B-2B2B2B2B2B2B}.Debug|Any CPU.Build.0 = Debug|Any CPU
		{B2C2D2E2-F2A2-4B4B-8B8B-2B2B2B2B2B2B}.Release|Any CPU.ActiveCfg = Release|Any CPU
		{B2C2D2E2-F2A2-4B4B-8B8B-2B2B2B2B2B2B}.Release|Any CPU.Build.0 = Release|Any CPU
		{C3D3E3F3-A3B3-4C4C-8C8C-3C3C3C3C3C3C}.Debug|Any CPU.ActiveCfg = Debug|Any CPU
		{C3D3E3F3-A3B3-4C4C-8C8C-3C3C3C3C3C3C}.Debug|Any CPU.Build.0 = Debug|Any CPU
		{C3D3E3F3-A3B3-4C4C-8C8C-3C3C3C3C3C3C}.Release|Any CPU.ActiveCfg = Release|Any CPU
		{C3D3E3F3-A3B3-4C4C-8C8C-3C3C3C3C3C3C}.Release|Any CPU.Build.0 = Release|Any CPU
		{D4E4F4A4-B4C4-4D4D-8D8D-4D4D4D4D4D4D}.Debug|Any CPU.ActiveCfg = Debug|Any CPU
		{D4E4F4A4-B4C4-4D4D-8D8D-4D4D4D4D4D4D}.Debug|Any CPU.Build.0 = Debug|Any CPU
		{D4E4F4A4-B4C4-4D4D-8D8D-4D4D4D4D4D4D}.Release|Any CPU.ActiveCfg = Release|Any CPU
		{D4E4F4A4-B4C4-4D4D-8D8D-4D4D4D4D4D4D}.Release|Any CPU.Build.0 = Release|Any CPU
	EndGlobalSection
EndGlobal
